{
  "name": "DavidMunozMartinez.github.io",
  "lockfileVersion": 2,
  "requires": true,
  "packages": {
    "": {
      "dependencies": {
        "bindrjs": "^1.0.14",
        "smart-hoverjs": "^1.3.2"
      }
    },
    "node_modules/bindrjs": {
      "version": "1.0.14",
      "resolved": "https://registry.npmjs.org/bindrjs/-/bindrjs-1.0.14.tgz",
      "integrity": "sha512-WMNc7zUgv9VTIU15OAAh+pfEydVsyMP7iCM+7EFqngPV+7OtL0cdoaIa2hH8F8T5ez6M8jHiWuUwkzbTV10sbQ=="
    },
    "node_modules/smart-hoverjs": {
      "version": "1.3.2",
      "resolved": "https://registry.npmjs.org/smart-hoverjs/-/smart-hoverjs-1.3.2.tgz",
      "integrity": "sha512-L8MkqtSlDDi3/IRQBKuHcukFAwX0KKHkZqnFMZSR/Oow5gpMkfGBo0kUVJkmhCtIk0YF7dt+FjJ201uEWBMj+Q=="
    }
  },
  "dependencies": {
    "bindrjs": {
      "version": "1.0.14",
      "resolved": "https://registry.npmjs.org/bindrjs/-/bindrjs-1.0.14.tgz",
      "integrity": "sha512-WMNc7zUgv9VTIU15OAAh+pfEydVsyMP7iCM+7EFqngPV+7OtL0cdoaIa2hH8F8T5ez6M8jHiWuUwkzbTV10sbQ=="
    },
    "smart-hoverjs": {
      "version": "1.3.2",
      "resolved": "https://registry.npmjs.org/smart-hoverjs/-/smart-hoverjs-1.3.2.tgz",
      "integrity": "sha512-L8MkqtSlDDi3/IRQBKuHcukFAwX0KKHkZqnFMZSR/Oow5gpMkfGBo0kUVJkmhCtIk0YF7dt+FjJ201uEWBMj+Q=="
    }
  }
}
